
Microsoft Visual Studio Solution File, Format Version 12.00
# Visual Studio 15
Project("{FAE04EC0-301F-11D3-BF4B-00C04F79EFBC}") = "HybridCLR.Editor", "HybridCLR.Editor.csproj", "{C55382EA-06FC-5D4D-8F83-A3BC4E06E00A}"
EndProject
Project("{FAE04EC0-301F-11D3-BF4B-00C04F79EFBC}") = "HybridCLR.Runtime", "HybridCLR.Runtime.csproj", "{14AB6267-08B0-5393-0701-53E953244781}"
EndProject
Project("{FAE04EC0-301F-11D3-BF4B-00C04F79EFBC}") = "Assembly-CSharp", "Assembly-CSharp.csproj", "{3D18D74F-C4E8-C9EC-91FE-46162B18F1DA}"
EndProject
Project("{FAE04EC0-301F-11D3-BF4B-00C04F79EFBC}") = "CFGame", "CFGame.csproj", "{F7E3FE6D-ECEC-2F97-5FCB-390F2716C068}"
EndProject
Global
	GlobalSection(SolutionConfigurationPlatforms) = preSolution
		Debug|Any CPU = Debug|Any CPU
		Release|Any CPU = Release|Any CPU
	EndGlobalSection
	GlobalSection(ProjectConfigurationPlatforms) = postSolution
		{C55382EA-06FC-5D4D-8F83-A3BC4E06E00A}.Debug|Any CPU.ActiveCfg = Debug|Any CPU
		{C55382EA-06FC-5D4D-8F83-A3BC4E06E00A}.Debug|Any CPU.Build.0 = Debug|Any CPU
		{C55382EA-06FC-5D4D-8F83-A3BC4E06E00A}.Release|Any CPU.ActiveCfg = Release|Any CPU
		{C55382EA-06FC-5D4D-8F83-A3BC4E06E00A}.Release|Any CPU.Build.0 = Release|Any CPU
		{14AB6267-08B0-5393-0701-53E953244781}.Debug|Any CPU.ActiveCfg = Debug|Any CPU
		{14AB6267-08B0-5393-0701-53E953244781}.Debug|Any CPU.Build.0 = Debug|Any CPU
		{14AB6267-08B0-5393-0701-53E953244781}.Release|Any CPU.ActiveCfg = Release|Any CPU
		{14AB6267-08B0-5393-0701-53E953244781}.Release|Any CPU.Build.0 = Release|Any CPU
		{3D18D74F-C4E8-C9EC-91FE-46162B18F1DA}.Debug|Any CPU.ActiveCfg = Debug|Any CPU
		{3D18D74F-C4E8-C9EC-91FE-46162B18F1DA}.Debug|Any CPU.Build.0 = Debug|Any CPU
		{3D18D74F-C4E8-C9EC-91FE-46162B18F1DA}.Release|Any CPU.ActiveCfg = Release|Any CPU
		{3D18D74F-C4E8-C9EC-91FE-46162B18F1DA}.Release|Any CPU.Build.0 = Release|Any CPU
		{F7E3FE6D-ECEC-2F97-5FCB-390F2716C068}.Debug|Any CPU.ActiveCfg = Debug|Any CPU
		{F7E3FE6D-ECEC-2F97-5FCB-390F2716C068}.Debug|Any CPU.Build.0 = Debug|Any CPU
		{F7E3FE6D-ECEC-2F97-5FCB-390F2716C068}.Release|Any CPU.ActiveCfg = Release|Any CPU
		{F7E3FE6D-ECEC-2F97-5FCB-390F2716C068}.Release|Any CPU.Build.0 = Release|Any CPU
	EndGlobalSection
	GlobalSection(SolutionProperties) = preSolution
		HideSolutionNode = FALSE
	EndGlobalSection
EndGlobal
