
Microsoft Visual Studio Solution File, Format Version 12.00
# Visual Studio 15
Project("{FAE04EC0-301F-11D3-BF4B-00C04F79EFBC}") = "Assembly-CSharp", "Assembly-CSharp.csproj", "{3D18D74F-C4E8-C9EC-91FE-46162B18F1DA}"
EndProject
Project("{FAE04EC0-301F-11D3-BF4B-00C04F79EFBC}") = "Assembly-CSharp-Editor", "Assembly-CSharp-Editor.csproj", "{F5C11782-2B1A-1E45-B1F9-25A00D2D75A7}"
EndProject
Project("{FAE04EC0-301F-11D3-BF4B-00C04F79EFBC}") = "CFGame", "CFGame.csproj", "{F7E3FE6D-ECEC-2F97-5FCB-390F2716C068}"
EndProject
Global
	GlobalSection(SolutionConfigurationPlatforms) = preSolution
		Debug|Any CPU = Debug|Any CPU
		Release|Any CPU = Release|Any CPU
	EndGlobalSection
	GlobalSection(ProjectConfigurationPlatforms) = postSolution
		{3D18D74F-C4E8-C9EC-91FE-46162B18F1DA}.Debug|Any CPU.ActiveCfg = Debug|Any CPU
		{3D18D74F-C4E8-C9EC-91FE-46162B18F1DA}.Debug|Any CPU.Build.0 = Debug|Any CPU
		{3D18D74F-C4E8-C9EC-91FE-46162B18F1DA}.Release|Any CPU.ActiveCfg = Release|Any CPU
		{3D18D74F-C4E8-C9EC-91FE-46162B18F1DA}.Release|Any CPU.Build.0 = Release|Any CPU
		{F5C11782-2B1A-1E45-B1F9-25A00D2D75A7}.Debug|Any CPU.ActiveCfg = Debug|Any CPU
		{F5C11782-2B1A-1E45-B1F9-25A00D2D75A7}.Debug|Any CPU.Build.0 = Debug|Any CPU
		{F5C11782-2B1A-1E45-B1F9-25A00D2D75A7}.Release|Any CPU.ActiveCfg = Release|Any CPU
		{F5C11782-2B1A-1E45-B1F9-25A00D2D75A7}.Release|Any CPU.Build.0 = Release|Any CPU
		{F7E3FE6D-ECEC-2F97-5FCB-390F2716C068}.Debug|Any CPU.ActiveCfg = Debug|Any CPU
		{F7E3FE6D-ECEC-2F97-5FCB-390F2716C068}.Debug|Any CPU.Build.0 = Debug|Any CPU
		{F7E3FE6D-ECEC-2F97-5FCB-390F2716C068}.Release|Any CPU.ActiveCfg = Release|Any CPU
		{F7E3FE6D-ECEC-2F97-5FCB-390F2716C068}.Release|Any CPU.Build.0 = Release|Any CPU
	EndGlobalSection
	GlobalSection(SolutionProperties) = preSolution
		HideSolutionNode = FALSE
	EndGlobalSection
EndGlobal
